
Microsoft Visual Studio Solution File, Format Version 12.00
# Visual Studio Version 17
VisualStudioVersion = 17.9.34728.123
MinimumVisualStudioVersion = 10.0.40219.1
Project("{FAE04EC0-301F-11D3-BF4B-00C04F79EFBC}") = "BankHubWebService", "BankHubWebService\BankHubWebService.csproj", "{A206ED6F-4252-466C-851B-F91BED5CA77D}"
EndProject
Global
	GlobalSection(SolutionConfigurationPlatforms) = preSolution
		Debug|Any CPU = Debug|Any CPU
		Release|Any CPU = Release|Any CPU
	EndGlobalSection
	GlobalSection(ProjectConfigurationPlatforms) = postSolution
		{A206ED6F-4252-466C-851B-F91BED5CA77D}.Debug|Any CPU.ActiveCfg = Debug|Any CPU
		{A206ED6F-4252-466C-851B-F91BED5CA77D}.Debug|Any CPU.Build.0 = Debug|Any CPU
		{A206ED6F-4252-466C-851B-F91BED5CA77D}.Release|Any CPU.ActiveCfg = Release|Any CPU
		{A206ED6F-4252-466C-851B-F91BED5CA77D}.Release|Any CPU.Build.0 = Release|Any CPU
	EndGlobalSection
	GlobalSection(SolutionProperties) = preSolution
		HideSolutionNode = FALSE
	EndGlobalSection
	GlobalSection(ExtensibilityGlobals) = postSolution
		SolutionGuid = {4AC33F91-02F4-478F-9A45-7CD98614069A}
	EndGlobalSection
EndGlobal
