
Microsoft Visual Studio Solution File, Format Version 12.00
# Visual Studio Version 17
VisualStudioVersion = 17.9.34728.123
MinimumVisualStudioVersion = 10.0.40219.1
Project("{FAE04EC0-301F-11D3-BF4B-00C04F79EFBC}") = "BankHubWeb", "BankHubWeb.csproj", "{0B3396E3-777A-4E8B-B8F6-2522A8ACF31A}"
EndProject
Global
	GlobalSection(SolutionConfigurationPlatforms) = preSolution
		Debug|Any CPU = Debug|Any CPU
		Release|Any CPU = Release|Any CPU
	EndGlobalSection
	GlobalSection(ProjectConfigurationPlatforms) = postSolution
		{0B3396E3-777A-4E8B-B8F6-2522A8ACF31A}.Debug|Any CPU.ActiveCfg = Debug|Any CPU
		{0B3396E3-777A-4E8B-B8F6-2522A8ACF31A}.Debug|Any CPU.Build.0 = Debug|Any CPU
		{0B3396E3-777A-4E8B-B8F6-2522A8ACF31A}.Release|Any CPU.ActiveCfg = Release|Any CPU
		{0B3396E3-777A-4E8B-B8F6-2522A8ACF31A}.Release|Any CPU.Build.0 = Release|Any CPU
	EndGlobalSection
	GlobalSection(SolutionProperties) = preSolution
		HideSolutionNode = FALSE
	EndGlobalSection
	GlobalSection(ExtensibilityGlobals) = postSolution
		SolutionGuid = {331A9F35-C3AD-4439-ABAC-3C4B2066332F}
	EndGlobalSection
EndGlobal
